
Microsoft Visual Studio Solution File, Format Version 12.00
# Visual Studio 15
VisualStudioVersion = 15.0.28307.960
MinimumVisualStudioVersion = 10.0.40219.1
Project("{FAE04EC0-301F-11D3-BF4B-00C04F79EFBC}") = "Uri150", "Uri150\Uri150.csproj", "{963FB5CF-038F-4697-87ED-AA5A5FD484D7}"
EndProject
Global
	GlobalSection(SolutionConfigurationPlatforms) = preSolution
		Debug|Any CPU = Debug|Any CPU
		Release|Any CPU = Release|Any CPU
	EndGlobalSection
	GlobalSection(ProjectConfigurationPlatforms) = postSolution
		{963FB5CF-038F-4697-87ED-AA5A5FD484D7}.Debug|Any CPU.ActiveCfg = Debug|Any CPU
		{963FB5CF-038F-4697-87ED-AA5A5FD484D7}.Debug|Any CPU.Build.0 = Debug|Any CPU
		{963FB5CF-038F-4697-87ED-AA5A5FD484D7}.Release|Any CPU.ActiveCfg = Release|Any CPU
		{963FB5CF-038F-4697-87ED-AA5A5FD484D7}.Release|Any CPU.Build.0 = Release|Any CPU
	EndGlobalSection
	GlobalSection(SolutionProperties) = preSolution
		HideSolutionNode = FALSE
	EndGlobalSection
	GlobalSection(ExtensibilityGlobals) = postSolution
		SolutionGuid = {0B671374-3F52-4EA5-9708-C5AB064DD1A4}
	EndGlobalSection
EndGlobal
